// !$*UTF8*$!
{
	archiveVersion = 1;
	classes = {
	};
	objectVersion = 50;
	objects = {

/* Begin PBXBuildFile section */
		964F334F23E30334004C2AC7 /* Spaceship.swift in Sources */ = {isa = PBXBuildFile; fileRef = 964F334E23E30334004C2AC7 /* Spaceship.swift */; };
		964F335123E3086C004C2AC7 /* Planet.swift in Sources */ = {isa = PBXBuildFile; fileRef = 964F335023E3086C004C2AC7 /* Planet.swift */; };
		964F335323E30E8B004C2AC7 /* Road.swift in Sources */ = {isa = PBXBuildFile; fileRef = 964F335223E30E8B004C2AC7 /* Road.swift */; };
		964F335523E30F21004C2AC7 /* InterstellarWarCore.swift in Sources */ = {isa = PBXBuildFile; fileRef = 964F335423E30F21004C2AC7 /* InterstellarWarCore.swift */; };
		964F335723E31310004C2AC7 /* ClientConnection.swift in Sources */ = {isa = PBXBuildFile; fileRef = 964F335623E31310004C2AC7 /* ClientConnection.swift */; };
		964F335923E31AEE004C2AC7 /* SwiftyJSON.swift in Sources */ = {isa = PBXBuildFile; fileRef = 964F335823E31AEE004C2AC7 /* SwiftyJSON.swift */; };
		964F335B23E31D9C004C2AC7 /* CommandParamKey.swift in Sources */ = {isa = PBXBuildFile; fileRef = 964F335A23E31D9C004C2AC7 /* CommandParamKey.swift */; };
		964F335D23E31DE7004C2AC7 /* CommandType.swift in Sources */ = {isa = PBXBuildFile; fileRef = 964F335C23E31DE7004C2AC7 /* CommandType.swift */; };
		967CB7FD23E22DA800115E98 /* AppDelegate.swift in Sources */ = {isa = PBXBuildFile; fileRef = 967CB7FC23E22DA800115E98 /* AppDelegate.swift */; };
		967CB7FF23E22DA800115E98 /* SceneDelegate.swift in Sources */ = {isa = PBXBuildFile; fileRef = 967CB7FE23E22DA800115E98 /* SceneDelegate.swift */; };
		967CB80123E22DA800115E98 /* ViewController.swift in Sources */ = {isa = PBXBuildFile; fileRef = 967CB80023E22DA800115E98 /* ViewController.swift */; };
		967CB80423E22DA800115E98 /* Main.storyboard in Resources */ = {isa = PBXBuildFile; fileRef = 967CB80223E22DA800115E98 /* Main.storyboard */; };
		967CB80623E22DAD00115E98 /* Assets.xcassets in Resources */ = {isa = PBXBuildFile; fileRef = 967CB80523E22DAD00115E98 /* Assets.xcassets */; };
		967CB80923E22DAD00115E98 /* LaunchScreen.storyboard in Resources */ = {isa = PBXBuildFile; fileRef = 967CB80723E22DAD00115E98 /* LaunchScreen.storyboard */; };
		96D081A223E4107F00D2D251 /* InterstellarWarCommandParamKey.swift in Sources */ = {isa = PBXBuildFile; fileRef = 96D081A123E4107F00D2D251 /* InterstellarWarCommandParamKey.swift */; };
		96D081A423E4109D00D2D251 /* InterstellarWarCommandType.swift in Sources */ = {isa = PBXBuildFile; fileRef = 96D081A323E4109D00D2D251 /* InterstellarWarCommandType.swift */; };
/* End PBXBuildFile section */

/* Begin PBXFileReference section */
		964F334923E30293004C2AC7 /* common */ = {isa = PBXFileReference; lastKnownFileType = folder; path = common; sourceTree = "<group>"; };
		964F334A23E302A0004C2AC7 /* clientcommon */ = {isa = PBXFileReference; lastKnownFileType = folder; path = clientcommon; sourceTree = "<group>"; };
		964F334E23E30334004C2AC7 /* Spaceship.swift */ = {isa = PBXFileReference; lastKnownFileType = sourcecode.swift; path = Spaceship.swift; sourceTree = "<group>"; };
		964F335023E3086C004C2AC7 /* Planet.swift */ = {isa = PBXFileReference; lastKnownFileType = sourcecode.swift; path = Planet.swift; sourceTree = "<group>"; };
		964F335223E30E8B004C2AC7 /* Road.swift */ = {isa = PBXFileReference; lastKnownFileType = sourcecode.swift; path = Road.swift; sourceTree = "<group>"; };
		964F335423E30F21004C2AC7 /* InterstellarWarCore.swift */ = {isa = PBXFileReference; lastKnownFileType = sourcecode.swift; path = InterstellarWarCore.swift; sourceTree = "<group>"; };
		964F335623E31310004C2AC7 /* ClientConnection.swift */ = {isa = PBXFileReference; lastKnownFileType = sourcecode.swift; path = ClientConnection.swift; sourceTree = "<group>"; };
		964F335823E31AEE004C2AC7 /* SwiftyJSON.swift */ = {isa = PBXFileReference; fileEncoding = 4; lastKnownFileType = sourcecode.swift; path = SwiftyJSON.swift; sourceTree = "<group>"; };
		964F335A23E31D9C004C2AC7 /* CommandParamKey.swift */ = {isa = PBXFileReference; lastKnownFileType = sourcecode.swift; path = CommandParamKey.swift; sourceTree = "<group>"; };
		964F335C23E31DE7004C2AC7 /* CommandType.swift */ = {isa = PBXFileReference; lastKnownFileType = sourcecode.swift; path = CommandType.swift; sourceTree = "<group>"; };
		967CB7F923E22DA800115E98 /* InterstellarWar.app */ = {isa = PBXFileReference; explicitFileType = wrapper.application; includeInIndex = 0; path = InterstellarWar.app; sourceTree = BUILT_PRODUCTS_DIR; };
		967CB7FC23E22DA800115E98 /* AppDelegate.swift */ = {isa = PBXFileReference; lastKnownFileType = sourcecode.swift; path = AppDelegate.swift; sourceTree = "<group>"; };
		967CB7FE23E22DA800115E98 /* SceneDelegate.swift */ = {isa = PBXFileReference; lastKnownFileType = sourcecode.swift; path = SceneDelegate.swift; sourceTree = "<group>"; };
		967CB80023E22DA800115E98 /* ViewController.swift */ = {isa = PBXFileReference; lastKnownFileType = sourcecode.swift; path = ViewController.swift; sourceTree = "<group>"; };
		967CB80323E22DA800115E98 /* Base */ = {isa = PBXFileReference; lastKnownFileType = file.storyboard; name = Base; path = Base.lproj/Main.storyboard; sourceTree = "<group>"; };
		967CB80523E22DAD00115E98 /* Assets.xcassets */ = {isa = PBXFileReference; lastKnownFileType = folder.assetcatalog; path = Assets.xcassets; sourceTree = "<group>"; };
		967CB80823E22DAD00115E98 /* Base */ = {isa = PBXFileReference; lastKnownFileType = file.storyboard; name = Base; path = Base.lproj/LaunchScreen.storyboard; sourceTree = "<group>"; };
		967CB80A23E22DAD00115E98 /* Info.plist */ = {isa = PBXFileReference; lastKnownFileType = text.plist.xml; path = Info.plist; sourceTree = "<group>"; };
		96D081A123E4107F00D2D251 /* InterstellarWarCommandParamKey.swift */ = {isa = PBXFileReference; lastKnownFileType = sourcecode.swift; path = InterstellarWarCommandParamKey.swift; sourceTree = "<group>"; };
		96D081A323E4109D00D2D251 /* InterstellarWarCommandType.swift */ = {isa = PBXFileReference; lastKnownFileType = sourcecode.swift; path = InterstellarWarCommandType.swift; sourceTree = "<group>"; };
/* End PBXFileReference section */

/* Begin PBXFrameworksBuildPhase section */
		967CB7F623E22DA700115E98 /* Frameworks */ = {
			isa = PBXFrameworksBuildPhase;
			buildActionMask = 2147483647;
			files = (
			);
			runOnlyForDeploymentPostprocessing = 0;
		};
/* End PBXFrameworksBuildPhase section */

/* Begin PBXGroup section */
		964F334323E301B6004C2AC7 /* common */ = {
			isa = PBXGroup;
			children = (
				964F334D23E30318004C2AC7 /* game */,
			);
			path = common;
			sourceTree = "<group>";
		};
		964F334B23E302CB004C2AC7 /* clientcommon */ = {
			isa = PBXGroup;
			children = (
				964F335623E31310004C2AC7 /* ClientConnection.swift */,
				964F335A23E31D9C004C2AC7 /* CommandParamKey.swift */,
				964F335C23E31DE7004C2AC7 /* CommandType.swift */,
			);
			path = clientcommon;
			sourceTree = "<group>";
		};
		964F334C23E302DE004C2AC7 /* JAVA */ = {
			isa = PBXGroup;
			children = (
				964F334A23E302A0004C2AC7 /* clientcommon */,
				964F334923E30293004C2AC7 /* common */,
			);
			path = JAVA;
			sourceTree = "<group>";
		};
		964F334D23E30318004C2AC7 /* game */ = {
			isa = PBXGroup;
			children = (
				964F334E23E30334004C2AC7 /* Spaceship.swift */,
				964F335023E3086C004C2AC7 /* Planet.swift */,
				964F335223E30E8B004C2AC7 /* Road.swift */,
				964F335423E30F21004C2AC7 /* InterstellarWarCore.swift */,
				96D081A123E4107F00D2D251 /* InterstellarWarCommandParamKey.swift */,
				96D081A323E4109D00D2D251 /* InterstellarWarCommandType.swift */,
			);
			path = game;
			sourceTree = "<group>";
		};
		967CB7F023E22DA700115E98 = {
			isa = PBXGroup;
			children = (
				967CB7FB23E22DA800115E98 /* InterstellarWar */,
				967CB7FA23E22DA800115E98 /* Products */,
				967CB81C23E2307400115E98 /* Frameworks */,
			);
			sourceTree = "<group>";
		};
		967CB7FA23E22DA800115E98 /* Products */ = {
			isa = PBXGroup;
			children = (
				967CB7F923E22DA800115E98 /* InterstellarWar.app */,
			);
			name = Products;
			sourceTree = "<group>";
		};
		967CB7FB23E22DA800115E98 /* InterstellarWar */ = {
			isa = PBXGroup;
			children = (
				964F334C23E302DE004C2AC7 /* JAVA */,
				964F334B23E302CB004C2AC7 /* clientcommon */,
				964F334323E301B6004C2AC7 /* common */,
				967CB7FC23E22DA800115E98 /* AppDelegate.swift */,
				964F335823E31AEE004C2AC7 /* SwiftyJSON.swift */,
				967CB7FE23E22DA800115E98 /* SceneDelegate.swift */,
				967CB80023E22DA800115E98 /* ViewController.swift */,
				967CB80223E22DA800115E98 /* Main.storyboard */,
				967CB80523E22DAD00115E98 /* Assets.xcassets */,
				967CB80723E22DAD00115E98 /* LaunchScreen.storyboard */,
				967CB80A23E22DAD00115E98 /* Info.plist */,
			);
			path = InterstellarWar;
			sourceTree = "<group>";
		};
		967CB81C23E2307400115E98 /* Frameworks */ = {
			isa = PBXGroup;
			children = (
			);
			name = Frameworks;
			sourceTree = "<group>";
		};
/* End PBXGroup section */

/* Begin PBXNativeTarget section */
		967CB7F823E22DA700115E98 /* InterstellarWar */ = {
			isa = PBXNativeTarget;
			buildConfigurationList = 967CB80D23E22DAD00115E98 /* Build configuration list for PBXNativeTarget "InterstellarWar" */;
			buildPhases = (
				967CB7F523E22DA700115E98 /* Sources */,
				967CB7F623E22DA700115E98 /* Frameworks */,
				967CB7F723E22DA700115E98 /* Resources */,
			);
			buildRules = (
			);
			dependencies = (
			);
			name = InterstellarWar;
			productName = InterstellarWar;
			productReference = 967CB7F923E22DA800115E98 /* InterstellarWar.app */;
			productType = "com.apple.product-type.application";
		};
/* End PBXNativeTarget section */

/* Begin PBXProject section */
		967CB7F123E22DA700115E98 /* Project object */ = {
			isa = PBXProject;
			attributes = {
				LastSwiftUpdateCheck = 1130;
				LastUpgradeCheck = 1130;
				ORGANIZATIONNAME = "Neczpál Ábel";
				TargetAttributes = {
					967CB7F823E22DA700115E98 = {
						CreatedOnToolsVersion = 11.3.1;
					};
				};
			};
			buildConfigurationList = 967CB7F423E22DA700115E98 /* Build configuration list for PBXProject "InterstellarWar" */;
			compatibilityVersion = "Xcode 9.3";
			developmentRegion = en;
			hasScannedForEncodings = 0;
			knownRegions = (
				en,
				Base,
			);
			mainGroup = 967CB7F023E22DA700115E98;
			productRefGroup = 967CB7FA23E22DA800115E98 /* Products */;
			projectDirPath = "";
			projectRoot = "";
			targets = (
				967CB7F823E22DA700115E98 /* InterstellarWar */,
			);
		};
/* End PBXProject section */

/* Begin PBXResourcesBuildPhase section */
		967CB7F723E22DA700115E98 /* Resources */ = {
			isa = PBXResourcesBuildPhase;
			buildActionMask = 2147483647;
			files = (
				967CB80923E22DAD00115E98 /* LaunchScreen.storyboard in Resources */,
				967CB80623E22DAD00115E98 /* Assets.xcassets in Resources */,
				967CB80423E22DA800115E98 /* Main.storyboard in Resources */,
			);
			runOnlyForDeploymentPostprocessing = 0;
		};
/* End PBXResourcesBuildPhase section */

/* Begin PBXSourcesBuildPhase section */
		967CB7F523E22DA700115E98 /* Sources */ = {
			isa = PBXSourcesBuildPhase;
			buildActionMask = 2147483647;
			files = (
				964F335723E31310004C2AC7 /* ClientConnection.swift in Sources */,
				964F335B23E31D9C004C2AC7 /* CommandParamKey.swift in Sources */,
				967CB80123E22DA800115E98 /* ViewController.swift in Sources */,
				967CB7FD23E22DA800115E98 /* AppDelegate.swift in Sources */,
				964F334F23E30334004C2AC7 /* Spaceship.swift in Sources */,
				964F335323E30E8B004C2AC7 /* Road.swift in Sources */,
				967CB7FF23E22DA800115E98 /* SceneDelegate.swift in Sources */,
				96D081A223E4107F00D2D251 /* InterstellarWarCommandParamKey.swift in Sources */,
				964F335923E31AEE004C2AC7 /* SwiftyJSON.swift in Sources */,
				964F335523E30F21004C2AC7 /* InterstellarWarCore.swift in Sources */,
				964F335D23E31DE7004C2AC7 /* CommandType.swift in Sources */,
				964F335123E3086C004C2AC7 /* Planet.swift in Sources */,
				96D081A423E4109D00D2D251 /* InterstellarWarCommandType.swift in Sources */,
			);
			runOnlyForDeploymentPostprocessing = 0;
		};
/* End PBXSourcesBuildPhase section */

/* Begin PBXVariantGroup section */
		967CB80223E22DA800115E98 /* Main.storyboard */ = {
			isa = PBXVariantGroup;
			children = (
				967CB80323E22DA800115E98 /* Base */,
			);
			name = Main.storyboard;
			sourceTree = "<group>";
		};
		967CB80723E22DAD00115E98 /* LaunchScreen.storyboard */ = {
			isa = PBXVariantGroup;
			children = (
				967CB80823E22DAD00115E98 /* Base */,
			);
			name = LaunchScreen.storyboard;
			sourceTree = "<group>";
		};
/* End PBXVariantGroup section */

/* Begin XCBuildConfiguration section */
		967CB80B23E22DAD00115E98 /* Debug */ = {
			isa = XCBuildConfiguration;
			buildSettings = {
				ALWAYS_SEARCH_USER_PATHS = NO;
				CLANG_ANALYZER_NONNULL = YES;
				CLANG_ANALYZER_NUMBER_OBJECT_CONVERSION = YES_AGGRESSIVE;
				CLANG_CXX_LANGUAGE_STANDARD = "gnu++14";
				CLANG_CXX_LIBRARY = "libc++";
				CLANG_ENABLE_MODULES = YES;
				CLANG_ENABLE_OBJC_ARC = YES;
				CLANG_ENABLE_OBJC_WEAK = YES;
				CLANG_WARN_BLOCK_CAPTURE_AUTORELEASING = YES;
				CLANG_WARN_BOOL_CONVERSION = YES;
				CLANG_WARN_COMMA = YES;
				CLANG_WARN_CONSTANT_CONVERSION = YES;
				CLANG_WARN_DEPRECATED_OBJC_IMPLEMENTATIONS = YES;
				CLANG_WARN_DIRECT_OBJC_ISA_USAGE = YES_ERROR;
				CLANG_WARN_DOCUMENTATION_COMMENTS = YES;
				CLANG_WARN_EMPTY_BODY = YES;
				CLANG_WARN_ENUM_CONVERSION = YES;
				CLANG_WARN_INFINITE_RECURSION = YES;
				CLANG_WARN_INT_CONVERSION = YES;
				CLANG_WARN_NON_LITERAL_NULL_CONVERSION = YES;
				CLANG_WARN_OBJC_IMPLICIT_RETAIN_SELF = YES;
				CLANG_WARN_OBJC_LITERAL_CONVERSION = YES;
				CLANG_WARN_OBJC_ROOT_CLASS = YES_ERROR;
				CLANG_WARN_RANGE_LOOP_ANALYSIS = YES;
				CLANG_WARN_STRICT_PROTOTYPES = YES;
				CLANG_WARN_SUSPICIOUS_MOVE = YES;
				CLANG_WARN_UNGUARDED_AVAILABILITY = YES_AGGRESSIVE;
				CLANG_WARN_UNREACHABLE_CODE = YES;
				CLANG_WARN__DUPLICATE_METHOD_MATCH = YES;
				COPY_PHASE_STRIP = NO;
				DEBUG_INFORMATION_FORMAT = dwarf;
				ENABLE_STRICT_OBJC_MSGSEND = YES;
				ENABLE_TESTABILITY = YES;
				GCC_C_LANGUAGE_STANDARD = gnu11;
				GCC_DYNAMIC_NO_PIC = NO;
				GCC_NO_COMMON_BLOCKS = YES;
				GCC_OPTIMIZATION_LEVEL = 0;
				GCC_PREPROCESSOR_DEFINITIONS = (
					"DEBUG=1",
					"$(inherited)",
				);
				GCC_WARN_64_TO_32_BIT_CONVERSION = YES;
				GCC_WARN_ABOUT_RETURN_TYPE = YES_ERROR;
				GCC_WARN_UNDECLARED_SELECTOR = YES;
				GCC_WARN_UNINITIALIZED_AUTOS = YES_AGGRESSIVE;
				GCC_WARN_UNUSED_FUNCTION = YES;
				GCC_WARN_UNUSED_VARIABLE = YES;
				IPHONEOS_DEPLOYMENT_TARGET = 13.2;
				MTL_ENABLE_DEBUG_INFO = INCLUDE_SOURCE;
				MTL_FAST_MATH = YES;
				ONLY_ACTIVE_ARCH = YES;
				SDKROOT = iphoneos;
				SWIFT_ACTIVE_COMPILATION_CONDITIONS = DEBUG;
				SWIFT_OPTIMIZATION_LEVEL = "-Onone";
			};
			name = Debug;
		};
		967CB80C23E22DAD00115E98 /* Release */ = {
			isa = XCBuildConfiguration;
			buildSettings = {
				ALWAYS_SEARCH_USER_PATHS = NO;
				CLANG_ANALYZER_NONNULL = YES;
				CLANG_ANALYZER_NUMBER_OBJECT_CONVERSION = YES_AGGRESSIVE;
				CLANG_CXX_LANGUAGE_STANDARD = "gnu++14";
				CLANG_CXX_LIBRARY = "libc++";
				CLANG_ENABLE_MODULES = YES;
				CLANG_ENABLE_OBJC_ARC = YES;
				CLANG_ENABLE_OBJC_WEAK = YES;
				CLANG_WARN_BLOCK_CAPTURE_AUTORELEASING = YES;
				CLANG_WARN_BOOL_CONVERSION = YES;
				CLANG_WARN_COMMA = YES;
				CLANG_WARN_CONSTANT_CONVERSION = YES;
				CLANG_WARN_DEPRECATED_OBJC_IMPLEMENTATIONS = YES;
				CLANG_WARN_DIRECT_OBJC_ISA_USAGE = YES_ERROR;
				CLANG_WARN_DOCUMENTATION_COMMENTS = YES;
				CLANG_WARN_EMPTY_BODY = YES;
				CLANG_WARN_ENUM_CONVERSION = YES;
				CLANG_WARN_INFINITE_RECURSION = YES;
				CLANG_WARN_INT_CONVERSION = YES;
				CLANG_WARN_NON_LITERAL_NULL_CONVERSION = YES;
				CLANG_WARN_OBJC_IMPLICIT_RETAIN_SELF = YES;
				CLANG_WARN_OBJC_LITERAL_CONVERSION = YES;
				CLANG_WARN_OBJC_ROOT_CLASS = YES_ERROR;
				CLANG_WARN_RANGE_LOOP_ANALYSIS = YES;
				CLANG_WARN_STRICT_PROTOTYPES = YES;
				CLANG_WARN_SUSPICIOUS_MOVE = YES;
				CLANG_WARN_UNGUARDED_AVAILABILITY = YES_AGGRESSIVE;
				CLANG_WARN_UNREACHABLE_CODE = YES;
				CLANG_WARN__DUPLICATE_METHOD_MATCH = YES;
				COPY_PHASE_STRIP = NO;
				DEBUG_INFORMATION_FORMAT = "dwarf-with-dsym";
				ENABLE_NS_ASSERTIONS = NO;
				ENABLE_STRICT_OBJC_MSGSEND = YES;
				GCC_C_LANGUAGE_STANDARD = gnu11;
				GCC_NO_COMMON_BLOCKS = YES;
				GCC_WARN_64_TO_32_BIT_CONVERSION = YES;
				GCC_WARN_ABOUT_RETURN_TYPE = YES_ERROR;
				GCC_WARN_UNDECLARED_SELECTOR = YES;
				GCC_WARN_UNINITIALIZED_AUTOS = YES_AGGRESSIVE;
				GCC_WARN_UNUSED_FUNCTION = YES;
				GCC_WARN_UNUSED_VARIABLE = YES;
				IPHONEOS_DEPLOYMENT_TARGET = 13.2;
				MTL_ENABLE_DEBUG_INFO = NO;
				MTL_FAST_MATH = YES;
				SDKROOT = iphoneos;
				SWIFT_COMPILATION_MODE = wholemodule;
				SWIFT_OPTIMIZATION_LEVEL = "-O";
				VALIDATE_PRODUCT = YES;
			};
			name = Release;
		};
		967CB80E23E22DAD00115E98 /* Debug */ = {
			isa = XCBuildConfiguration;
			buildSettings = {
				ASSETCATALOG_COMPILER_APPICON_NAME = AppIcon;
				CODE_SIGN_STYLE = Automatic;
				DEVELOPMENT_TEAM = 2EUE7V69VD;
				INFOPLIST_FILE = InterstellarWar/Info.plist;
				LD_RUNPATH_SEARCH_PATHS = (
					"$(inherited)",
					"@executable_path/Frameworks",
				);
				PRODUCT_BUNDLE_IDENTIFIER = com.aneczpal.InterstellarWar;
				PRODUCT_NAME = "$(TARGET_NAME)";
				SWIFT_VERSION = 5.0;
				TARGETED_DEVICE_FAMILY = "1,2";
			};
			name = Debug;
		};
		967CB80F23E22DAD00115E98 /* Release */ = {
			isa = XCBuildConfiguration;
			buildSettings = {
				ASSETCATALOG_COMPILER_APPICON_NAME = AppIcon;
				CODE_SIGN_STYLE = Automatic;
				DEVELOPMENT_TEAM = 2EUE7V69VD;
				INFOPLIST_FILE = InterstellarWar/Info.plist;
				LD_RUNPATH_SEARCH_PATHS = (
					"$(inherited)",
					"@executable_path/Frameworks",
				);
				PRODUCT_BUNDLE_IDENTIFIER = com.aneczpal.InterstellarWar;
				PRODUCT_NAME = "$(TARGET_NAME)";
				SWIFT_VERSION = 5.0;
				TARGETED_DEVICE_FAMILY = "1,2";
			};
			name = Release;
		};
/* End XCBuildConfiguration section */

/* Begin XCConfigurationList section */
		967CB7F423E22DA700115E98 /* Build configuration list for PBXProject "InterstellarWar" */ = {
			isa = XCConfigurationList;
			buildConfigurations = (
				967CB80B23E22DAD00115E98 /* Debug */,
				967CB80C23E22DAD00115E98 /* Release */,
			);
			defaultConfigurationIsVisible = 0;
			defaultConfigurationName = Release;
		};
		967CB80D23E22DAD00115E98 /* Build configuration list for PBXNativeTarget "InterstellarWar" */ = {
			isa = XCConfigurationList;
			buildConfigurations = (
				967CB80E23E22DAD00115E98 /* Debug */,
				967CB80F23E22DAD00115E98 /* Release */,
			);
			defaultConfigurationIsVisible = 0;
			defaultConfigurationName = Release;
		};
/* End XCConfigurationList section */
	};
	rootObject = 967CB7F123E22DA700115E98 /* Project object */;
}
